
Microsoft Visual Studio Solution File, Format Version 12.00
# Visual Studio Version 17
VisualStudioVersion = 17.7.34202.233
MinimumVisualStudioVersion = 10.0.40219.1
Project("{2150E333-8FDC-42A3-9474-1A3956D46DE8}") = "Microservices", "Microservices", "{07E61E81-A99F-4F1A-8EF6-6C67CC0C28C9}"
EndProject
Project("{9A19103F-16F7-4668-BE54-9A1E7A4F7556}") = "PatientWebApi", "PatientWebApi\PatientWebApi.csproj", "{BD6368BB-16BA-44C3-9444-690FB2E53F31}"
EndProject
Project("{2150E333-8FDC-42A3-9474-1A3956D46DE8}") = "ApiGateway", "ApiGateway", "{D5B78B53-1701-4633-868A-FA3BD0E66193}"
EndProject
Project("{9A19103F-16F7-4668-BE54-9A1E7A4F7556}") = "ApiGateway", "ApiGateway\ApiGateway.csproj", "{AF538096-7D5A-4065-A0C8-8BC383EB9F63}"
EndProject
Project("{2150E333-8FDC-42A3-9474-1A3956D46DE8}") = "UI", "UI", "{8F845EE1-1611-4E50-A5B9-D449961FDF42}"
EndProject
Project("{9A19103F-16F7-4668-BE54-9A1E7A4F7556}") = "PatientNoteApi", "PatientNoteApi\PatientNoteApi.csproj", "{34463959-90F3-4F88-85A5-0C25280EADA0}"
EndProject
Project("{9A19103F-16F7-4668-BE54-9A1E7A4F7556}") = "DiabetesRiskApi", "DiabetesRiskApi\DiabetesRiskApi.csproj", "{2D3B480A-A067-4AEB-BA84-5551846572B9}"
EndProject
Project("{9A19103F-16F7-4668-BE54-9A1E7A4F7556}") = "BlazorApplication", "BlazorApplication\BlazorApplication.csproj", "{7D7E0026-EFDC-46A2-A11B-BE42507D41C6}"
EndProject
Project("{E53339B2-1760-4266-BCC7-CA923CBCF16C}") = "docker-compose", "docker-compose.dcproj", "{4365F5D2-3CF6-4BF6-AEB8-F4393DDF2D6E}"
EndProject
Global
	GlobalSection(SolutionConfigurationPlatforms) = preSolution
		Debug|Any CPU = Debug|Any CPU
		Release|Any CPU = Release|Any CPU
	EndGlobalSection
	GlobalSection(ProjectConfigurationPlatforms) = postSolution
		{BD6368BB-16BA-44C3-9444-690FB2E53F31}.Debug|Any CPU.ActiveCfg = Debug|Any CPU
		{BD6368BB-16BA-44C3-9444-690FB2E53F31}.Debug|Any CPU.Build.0 = Debug|Any CPU
		{BD6368BB-16BA-44C3-9444-690FB2E53F31}.Release|Any CPU.ActiveCfg = Release|Any CPU
		{BD6368BB-16BA-44C3-9444-690FB2E53F31}.Release|Any CPU.Build.0 = Release|Any CPU
		{AF538096-7D5A-4065-A0C8-8BC383EB9F63}.Debug|Any CPU.ActiveCfg = Debug|Any CPU
		{AF538096-7D5A-4065-A0C8-8BC383EB9F63}.Debug|Any CPU.Build.0 = Debug|Any CPU
		{AF538096-7D5A-4065-A0C8-8BC383EB9F63}.Release|Any CPU.ActiveCfg = Release|Any CPU
		{AF538096-7D5A-4065-A0C8-8BC383EB9F63}.Release|Any CPU.Build.0 = Release|Any CPU
		{34463959-90F3-4F88-85A5-0C25280EADA0}.Debug|Any CPU.ActiveCfg = Debug|Any CPU
		{34463959-90F3-4F88-85A5-0C25280EADA0}.Debug|Any CPU.Build.0 = Debug|Any CPU
		{34463959-90F3-4F88-85A5-0C25280EADA0}.Release|Any CPU.ActiveCfg = Release|Any CPU
		{34463959-90F3-4F88-85A5-0C25280EADA0}.Release|Any CPU.Build.0 = Release|Any CPU
		{2D3B480A-A067-4AEB-BA84-5551846572B9}.Debug|Any CPU.ActiveCfg = Debug|Any CPU
		{2D3B480A-A067-4AEB-BA84-5551846572B9}.Debug|Any CPU.Build.0 = Debug|Any CPU
		{2D3B480A-A067-4AEB-BA84-5551846572B9}.Release|Any CPU.ActiveCfg = Release|Any CPU
		{2D3B480A-A067-4AEB-BA84-5551846572B9}.Release|Any CPU.Build.0 = Release|Any CPU
		{7D7E0026-EFDC-46A2-A11B-BE42507D41C6}.Debug|Any CPU.ActiveCfg = Debug|Any CPU
		{7D7E0026-EFDC-46A2-A11B-BE42507D41C6}.Debug|Any CPU.Build.0 = Debug|Any CPU
		{7D7E0026-EFDC-46A2-A11B-BE42507D41C6}.Release|Any CPU.ActiveCfg = Release|Any CPU
		{7D7E0026-EFDC-46A2-A11B-BE42507D41C6}.Release|Any CPU.Build.0 = Release|Any CPU
		{4365F5D2-3CF6-4BF6-AEB8-F4393DDF2D6E}.Debug|Any CPU.ActiveCfg = Debug|Any CPU
		{4365F5D2-3CF6-4BF6-AEB8-F4393DDF2D6E}.Debug|Any CPU.Build.0 = Debug|Any CPU
		{4365F5D2-3CF6-4BF6-AEB8-F4393DDF2D6E}.Release|Any CPU.ActiveCfg = Release|Any CPU
		{4365F5D2-3CF6-4BF6-AEB8-F4393DDF2D6E}.Release|Any CPU.Build.0 = Release|Any CPU
	EndGlobalSection
	GlobalSection(SolutionProperties) = preSolution
		HideSolutionNode = FALSE
	EndGlobalSection
	GlobalSection(NestedProjects) = preSolution
		{BD6368BB-16BA-44C3-9444-690FB2E53F31} = {07E61E81-A99F-4F1A-8EF6-6C67CC0C28C9}
		{AF538096-7D5A-4065-A0C8-8BC383EB9F63} = {D5B78B53-1701-4633-868A-FA3BD0E66193}
		{34463959-90F3-4F88-85A5-0C25280EADA0} = {07E61E81-A99F-4F1A-8EF6-6C67CC0C28C9}
		{2D3B480A-A067-4AEB-BA84-5551846572B9} = {07E61E81-A99F-4F1A-8EF6-6C67CC0C28C9}
		{7D7E0026-EFDC-46A2-A11B-BE42507D41C6} = {8F845EE1-1611-4E50-A5B9-D449961FDF42}
	EndGlobalSection
	GlobalSection(ExtensibilityGlobals) = postSolution
		SolutionGuid = {A2742E19-6F1D-48C1-926A-8714BB078761}
	EndGlobalSection
EndGlobal
