
Microsoft Visual Studio Solution File, Format Version 12.00
# Visual Studio Version 17
VisualStudioVersion = 17.7.34202.233
MinimumVisualStudioVersion = 10.0.40219.1
Project("{2150E333-8FDC-42A3-9474-1A3956D46DE8}") = "Microservices", "Microservices", "{07E61E81-A99F-4F1A-8EF6-6C67CC0C28C9}"
EndProject
Project("{FAE04EC0-301F-11D3-BF4B-00C04F79EFBC}") = "PatientWebApi", "PatientWebApi\PatientWebApi.csproj", "{BD6368BB-16BA-44C3-9444-690FB2E53F31}"
EndProject
Global
	GlobalSection(SolutionConfigurationPlatforms) = preSolution
		Debug|Any CPU = Debug|Any CPU
		Release|Any CPU = Release|Any CPU
	EndGlobalSection
	GlobalSection(ProjectConfigurationPlatforms) = postSolution
		{BD6368BB-16BA-44C3-9444-690FB2E53F31}.Debug|Any CPU.ActiveCfg = Debug|Any CPU
		{BD6368BB-16BA-44C3-9444-690FB2E53F31}.Debug|Any CPU.Build.0 = Debug|Any CPU
		{BD6368BB-16BA-44C3-9444-690FB2E53F31}.Release|Any CPU.ActiveCfg = Release|Any CPU
		{BD6368BB-16BA-44C3-9444-690FB2E53F31}.Release|Any CPU.Build.0 = Release|Any CPU
	EndGlobalSection
	GlobalSection(SolutionProperties) = preSolution
		HideSolutionNode = FALSE
	EndGlobalSection
	GlobalSection(NestedProjects) = preSolution
		{BD6368BB-16BA-44C3-9444-690FB2E53F31} = {07E61E81-A99F-4F1A-8EF6-6C67CC0C28C9}
	EndGlobalSection
	GlobalSection(ExtensibilityGlobals) = postSolution
		SolutionGuid = {A2742E19-6F1D-48C1-926A-8714BB078761}
	EndGlobalSection
EndGlobal
